
Microsoft Visual Studio Solution File, Format Version 12.00
# Visual Studio Version 16
VisualStudioVersion = 16.0.29230.47
MinimumVisualStudioVersion = 10.0.40219.1
Project("{FAE04EC0-301F-11D3-BF4B-00C04F79EFBC}") = "evip_hazi_A", "evip_hazi_A\evip_hazi_A.csproj", "{01296D67-61F6-4137-8986-80518C9E852C}"
EndProject
Project("{FAE04EC0-301F-11D3-BF4B-00C04F79EFBC}") = "tests", "tests\tests.csproj", "{A52622C3-9E81-4DBA-92D6-3F137B313B0D}"
EndProject
Global
	GlobalSection(SolutionConfigurationPlatforms) = preSolution
		Debug|Any CPU = Debug|Any CPU
		Release|Any CPU = Release|Any CPU
	EndGlobalSection
	GlobalSection(ProjectConfigurationPlatforms) = postSolution
		{01296D67-61F6-4137-8986-80518C9E852C}.Debug|Any CPU.ActiveCfg = Debug|Any CPU
		{01296D67-61F6-4137-8986-80518C9E852C}.Debug|Any CPU.Build.0 = Debug|Any CPU
		{01296D67-61F6-4137-8986-80518C9E852C}.Release|Any CPU.ActiveCfg = Release|Any CPU
		{01296D67-61F6-4137-8986-80518C9E852C}.Release|Any CPU.Build.0 = Release|Any CPU
		{A52622C3-9E81-4DBA-92D6-3F137B313B0D}.Debug|Any CPU.ActiveCfg = Debug|Any CPU
		{A52622C3-9E81-4DBA-92D6-3F137B313B0D}.Debug|Any CPU.Build.0 = Debug|Any CPU
		{A52622C3-9E81-4DBA-92D6-3F137B313B0D}.Release|Any CPU.ActiveCfg = Release|Any CPU
		{A52622C3-9E81-4DBA-92D6-3F137B313B0D}.Release|Any CPU.Build.0 = Release|Any CPU
	EndGlobalSection
	GlobalSection(SolutionProperties) = preSolution
		HideSolutionNode = FALSE
	EndGlobalSection
	GlobalSection(ExtensibilityGlobals) = postSolution
		SolutionGuid = {356B3A96-360A-4101-BFB4-1DDA337558DF}
	EndGlobalSection
EndGlobal
